
Microsoft Visual Studio Solution File, Format Version 12.00
# Visual Studio Version 16
VisualStudioVersion = 16.0.34031.81
MinimumVisualStudioVersion = 10.0.40219.1
Project("{FAE04EC0-301F-11D3-BF4B-00C04F79EFBC}") = "Form Sistem Informasi Bimbel", "Form Sistem Informasi Bimbel.csproj", "{31578C7A-39AE-4F3F-BA01-3764AE131731}"
EndProject
Global
	GlobalSection(SolutionConfigurationPlatforms) = preSolution
		Debug|Any CPU = Debug|Any CPU
		Release|Any CPU = Release|Any CPU
	EndGlobalSection
	GlobalSection(ProjectConfigurationPlatforms) = postSolution
		{31578C7A-39AE-4F3F-BA01-3764AE131731}.Debug|Any CPU.ActiveCfg = Debug|Any CPU
		{31578C7A-39AE-4F3F-BA01-3764AE131731}.Debug|Any CPU.Build.0 = Debug|Any CPU
		{31578C7A-39AE-4F3F-BA01-3764AE131731}.Release|Any CPU.ActiveCfg = Release|Any CPU
		{31578C7A-39AE-4F3F-BA01-3764AE131731}.Release|Any CPU.Build.0 = Release|Any CPU
	EndGlobalSection
	GlobalSection(SolutionProperties) = preSolution
		HideSolutionNode = FALSE
	EndGlobalSection
	GlobalSection(ExtensibilityGlobals) = postSolution
		SolutionGuid = {EAD41AEC-39E2-4940-8CCC-CB8BDE3A8DA7}
	EndGlobalSection
EndGlobal
